
Microsoft Visual Studio Solution File, Format Version 12.00
# Visual Studio Version 16
VisualStudioVersion = 16.0.31105.61
MinimumVisualStudioVersion = 10.0.40219.1
Project("{FAE04EC0-301F-11D3-BF4B-00C04F79EFBC}") = "Entities", "Entities\Entities.csproj", "{0A8AAD8A-D2AB-4E15-A32C-53BC1F4AFAD8}"
EndProject
Project("{FAE04EC0-301F-11D3-BF4B-00C04F79EFBC}") = "Core", "Core\Core.csproj", "{B21D5E5C-01E0-4F07-9230-60B41CB09801}"
EndProject
Project("{FAE04EC0-301F-11D3-BF4B-00C04F79EFBC}") = "DataAccess", "DataAccess\DataAccess.csproj", "{4F708ACD-B96C-4417-9E70-E61D0B1B8170}"
EndProject
Global
	GlobalSection(SolutionConfigurationPlatforms) = preSolution
		Debug|Any CPU = Debug|Any CPU
		Release|Any CPU = Release|Any CPU
	EndGlobalSection
	GlobalSection(ProjectConfigurationPlatforms) = postSolution
		{0A8AAD8A-D2AB-4E15-A32C-53BC1F4AFAD8}.Debug|Any CPU.ActiveCfg = Debug|Any CPU
		{0A8AAD8A-D2AB-4E15-A32C-53BC1F4AFAD8}.Debug|Any CPU.Build.0 = Debug|Any CPU
		{0A8AAD8A-D2AB-4E15-A32C-53BC1F4AFAD8}.Release|Any CPU.ActiveCfg = Release|Any CPU
		{0A8AAD8A-D2AB-4E15-A32C-53BC1F4AFAD8}.Release|Any CPU.Build.0 = Release|Any CPU
		{B21D5E5C-01E0-4F07-9230-60B41CB09801}.Debug|Any CPU.ActiveCfg = Debug|Any CPU
		{B21D5E5C-01E0-4F07-9230-60B41CB09801}.Debug|Any CPU.Build.0 = Debug|Any CPU
		{B21D5E5C-01E0-4F07-9230-60B41CB09801}.Release|Any CPU.ActiveCfg = Release|Any CPU
		{B21D5E5C-01E0-4F07-9230-60B41CB09801}.Release|Any CPU.Build.0 = Release|Any CPU
		{4F708ACD-B96C-4417-9E70-E61D0B1B8170}.Debug|Any CPU.ActiveCfg = Debug|Any CPU
		{4F708ACD-B96C-4417-9E70-E61D0B1B8170}.Debug|Any CPU.Build.0 = Debug|Any CPU
		{4F708ACD-B96C-4417-9E70-E61D0B1B8170}.Release|Any CPU.ActiveCfg = Release|Any CPU
		{4F708ACD-B96C-4417-9E70-E61D0B1B8170}.Release|Any CPU.Build.0 = Release|Any CPU
	EndGlobalSection
	GlobalSection(SolutionProperties) = preSolution
		HideSolutionNode = FALSE
	EndGlobalSection
	GlobalSection(ExtensibilityGlobals) = postSolution
		SolutionGuid = {AAF4E624-B649-4393-B4D0-E00EA00D3D25}
	EndGlobalSection
EndGlobal
